{
  "version": 4,
  "terraform_version": "0.12.3",
  "serial": 11,
  "lineage": "55f2db39-b9eb-471a-68ca-38b3a1ba3b76",
  "outputs": {},
  "resources": [
    {
      "module": "module.client1",
      "mode": "managed",
      "type": "azurerm_network_interface",
      "name": "client1_nic",
      "provider": "provider.azurerm",
      "instances": [
        {
          "schema_version": 0,
          "attributes": {
            "applied_dns_servers": [],
            "dns_servers": [],
            "enable_accelerated_networking": false,
            "enable_ip_forwarding": false,
            "id": "/subscriptions/0055f347-96ca-4c8c-b69b-6ffee1d95568/resourceGroups/LW-Terraform-ADLab/providers/Microsoft.Network/networkInterfaces/client1_nic",
            "internal_dns_name_label": "",
            "internal_fqdn": "",
            "ip_configuration": [
              {
                "application_gateway_backend_address_pools_ids": [],
                "application_security_group_ids": [],
                "load_balancer_backend_address_pools_ids": [],
                "load_balancer_inbound_nat_rules_ids": [],
                "name": "client1",
                "primary": true,
                "private_ip_address": "",
                "private_ip_address_allocation": "dynamic",
                "private_ip_address_version": "IPv4",
                "public_ip_address_id": "",
                "subnet_id": "/subscriptions/0055f347-96ca-4c8c-b69b-6ffee1d95568/resourceGroups/LW-Terraform-ADLab/providers/Microsoft.Network/virtualNetworks/lw-terraform-net/subnets/lw-subnet"
              }
            ],
            "location": "uksouth",
            "mac_address": "",
            "name": "client1_nic",
            "network_security_group_id": "/subscriptions/0055f347-96ca-4c8c-b69b-6ffee1d95568/resourceGroups/LW-Terraform-ADLab/providers/Microsoft.Network/networkSecurityGroups/Test-NSG",
            "private_ip_address": "10.0.1.5",
            "private_ip_addresses": [
              "10.0.1.5"
            ],
            "resource_group_name": "LW-Terraform-ADLab",
            "tags": {},
            "virtual_machine_id": null
          },
          "private": "bnVsbA=="
        }
      ]
    },
    {
      "module": "module.domain-controller",
      "mode": "managed",
      "type": "azurerm_network_interface",
      "name": "dc1_nic",
      "provider": "provider.azurerm",
      "instances": [
        {
          "schema_version": 0,
          "attributes": {
            "applied_dns_servers": [],
            "dns_servers": [],
            "enable_accelerated_networking": false,
            "enable_ip_forwarding": false,
            "id": "/subscriptions/0055f347-96ca-4c8c-b69b-6ffee1d95568/resourceGroups/LW-Terraform-ADLab/providers/Microsoft.Network/networkInterfaces/dc1_nic",
            "internal_dns_name_label": "",
            "internal_fqdn": "",
            "ip_configuration": [
              {
                "application_gateway_backend_address_pools_ids": [],
                "application_security_group_ids": [],
                "load_balancer_backend_address_pools_ids": [],
                "load_balancer_inbound_nat_rules_ids": [],
                "name": "dc1",
                "primary": true,
                "private_ip_address": "",
                "private_ip_address_allocation": "dynamic",
                "private_ip_address_version": "IPv4",
                "public_ip_address_id": "/subscriptions/0055f347-96ca-4c8c-b69b-6ffee1d95568/resourceGroups/LW-Terraform-ADLab/providers/Microsoft.Network/publicIPAddresses/PIP",
                "subnet_id": "/subscriptions/0055f347-96ca-4c8c-b69b-6ffee1d95568/resourceGroups/LW-Terraform-ADLab/providers/Microsoft.Network/virtualNetworks/lw-terraform-net/subnets/lw-subnet"
              }
            ],
            "location": "uksouth",
            "mac_address": "",
            "name": "dc1_nic",
            "network_security_group_id": "/subscriptions/0055f347-96ca-4c8c-b69b-6ffee1d95568/resourceGroups/LW-Terraform-ADLab/providers/Microsoft.Network/networkSecurityGroups/Test-NSG",
            "private_ip_address": "10.0.1.4",
            "private_ip_addresses": [
              "10.0.1.4"
            ],
            "resource_group_name": "LW-Terraform-ADLab",
            "tags": {},
            "virtual_machine_id": null
          },
          "private": "bnVsbA=="
        }
      ]
    },
    {
      "mode": "managed",
      "type": "azurerm_network_security_group",
      "name": "nsg",
      "provider": "provider.azurerm",
      "instances": [
        {
          "schema_version": 0,
          "attributes": {
            "id": "/subscriptions/0055f347-96ca-4c8c-b69b-6ffee1d95568/resourceGroups/LW-Terraform-ADLab/providers/Microsoft.Network/networkSecurityGroups/Test-NSG",
            "location": "uksouth",
            "name": "Test-NSG",
            "resource_group_name": "LW-Terraform-ADLab",
            "security_rule": [
              {
                "access": "Allow",
                "description": "",
                "destination_address_prefix": "*",
                "destination_address_prefixes": [],
                "destination_application_security_group_ids": [],
                "destination_port_range": "3389",
                "destination_port_ranges": [],
                "direction": "Inbound",
                "name": "RDP",
                "priority": 1001,
                "protocol": "Tcp",
                "source_address_prefix": "*",
                "source_address_prefixes": [],
                "source_application_security_group_ids": [],
                "source_port_range": "*",
                "source_port_ranges": []
              }
            ],
            "tags": {}
          },
          "private": "bnVsbA==",
          "depends_on": [
            "azurerm_resource_group.lw-terraform-test"
          ]
        }
      ]
    },
    {
      "mode": "managed",
      "type": "azurerm_public_ip",
      "name": "publicip",
      "provider": "provider.azurerm",
      "instances": [
        {
          "schema_version": 0,
          "attributes": {
            "allocation_method": "Dynamic",
            "domain_name_label": null,
            "fqdn": null,
            "id": "/subscriptions/0055f347-96ca-4c8c-b69b-6ffee1d95568/resourceGroups/LW-Terraform-ADLab/providers/Microsoft.Network/publicIPAddresses/PIP",
            "idle_timeout_in_minutes": 4,
            "ip_address": "",
            "ip_version": "IPv4",
            "location": "uksouth",
            "name": "PIP",
            "public_ip_address_allocation": "Dynamic",
            "public_ip_prefix_id": null,
            "resource_group_name": "LW-Terraform-ADLab",
            "reverse_fqdn": null,
            "sku": "Basic",
            "tags": {},
            "zones": null
          },
          "private": "bnVsbA==",
          "depends_on": [
            "azurerm_resource_group.lw-terraform-test"
          ]
        }
      ]
    },
    {
      "mode": "managed",
      "type": "azurerm_resource_group",
      "name": "lw-terraform-test",
      "provider": "provider.azurerm",
      "instances": [
        {
          "schema_version": 0,
          "attributes": {
            "id": "/subscriptions/0055f347-96ca-4c8c-b69b-6ffee1d95568/resourceGroups/LW-Terraform-ADLab",
            "location": "uksouth",
            "name": "LW-Terraform-ADLab",
            "tags": {}
          },
          "private": "bnVsbA=="
        }
      ]
    },
    {
      "mode": "managed",
      "type": "azurerm_subnet",
      "name": "subnet",
      "provider": "provider.azurerm",
      "instances": [
        {
          "schema_version": 0,
          "attributes": {
            "address_prefix": "10.0.1.0/24",
            "delegation": [],
            "id": "/subscriptions/0055f347-96ca-4c8c-b69b-6ffee1d95568/resourceGroups/LW-Terraform-ADLab/providers/Microsoft.Network/virtualNetworks/lw-terraform-net/subnets/lw-subnet",
            "ip_configurations": [],
            "name": "lw-subnet",
            "network_security_group_id": "",
            "resource_group_name": "LW-Terraform-ADLab",
            "route_table_id": "",
            "service_endpoints": null,
            "virtual_network_name": "lw-terraform-net"
          },
          "private": "bnVsbA==",
          "depends_on": [
            "azurerm_resource_group.lw-terraform-test",
            "azurerm_virtual_network.test"
          ]
        }
      ]
    },
    {
      "module": "module.client1",
      "mode": "managed",
      "type": "azurerm_virtual_machine",
      "name": "client1",
      "provider": "provider.azurerm",
      "instances": [
        {
          "schema_version": 0,
          "attributes": {
            "availability_set_id": null,
            "boot_diagnostics": [],
            "delete_data_disks_on_termination": false,
            "delete_os_disk_on_termination": true,
            "id": "/subscriptions/0055f347-96ca-4c8c-b69b-6ffee1d95568/resourceGroups/LW-Terraform-ADLab/providers/Microsoft.Compute/virtualMachines/client1",
            "identity": [],
            "license_type": null,
            "location": "uksouth",
            "name": "client1",
            "network_interface_ids": [
              "/subscriptions/0055f347-96ca-4c8c-b69b-6ffee1d95568/resourceGroups/LW-Terraform-ADLab/providers/Microsoft.Network/networkInterfaces/client1_nic"
            ],
            "os_profile": [
              {
                "admin_password": "",
                "admin_username": "luke",
                "computer_name": "client1",
                "custom_data": ""
              }
            ],
            "os_profile_linux_config": [],
            "os_profile_secrets": [],
            "os_profile_windows_config": [
              {
                "additional_unattend_config": [],
                "enable_automatic_upgrades": true,
                "provision_vm_agent": true,
                "timezone": "",
                "winrm": []
              }
            ],
            "plan": [],
            "primary_network_interface_id": null,
            "resource_group_name": "LW-Terraform-ADLab",
            "storage_data_disk": [],
            "storage_image_reference": [
              {
                "id": "",
                "offer": "Windows-10",
                "publisher": "MicrosoftWindowsDesktop",
                "sku": "rs1-enterprise",
                "version": "latest"
              }
            ],
            "storage_os_disk": [
              {
                "caching": "ReadWrite",
                "create_option": "FromImage",
                "disk_size_gb": 127,
                "image_uri": "",
                "managed_disk_id": "/subscriptions/0055f347-96ca-4c8c-b69b-6ffee1d95568/resourceGroups/LW-Terraform-ADLab/providers/Microsoft.Compute/disks/CLI1-OsDisk",
                "managed_disk_type": "Premium_LRS",
                "name": "CLI1-OsDisk",
                "os_type": "Windows",
                "vhd_uri": "",
                "write_accelerator_enabled": false
              }
            ],
            "tags": {},
            "vm_size": "Standard_B2s",
            "zones": null
          },
          "private": "bnVsbA==",
          "depends_on": [
            "azurerm_network_interface.client1_nic"
          ]
        }
      ]
    },
    {
      "module": "module.domain-controller",
      "mode": "managed",
      "type": "azurerm_virtual_machine",
      "name": "dc1",
      "provider": "provider.azurerm",
      "instances": [
        {
          "schema_version": 0,
          "attributes": {
            "availability_set_id": null,
            "boot_diagnostics": [],
            "delete_data_disks_on_termination": false,
            "delete_os_disk_on_termination": true,
            "id": "/subscriptions/0055f347-96ca-4c8c-b69b-6ffee1d95568/resourceGroups/LW-Terraform-ADLab/providers/Microsoft.Compute/virtualMachines/DC1",
            "identity": [],
            "license_type": null,
            "location": "uksouth",
            "name": "DC1",
            "network_interface_ids": [
              "/subscriptions/0055f347-96ca-4c8c-b69b-6ffee1d95568/resourceGroups/LW-Terraform-ADLab/providers/Microsoft.Network/networkInterfaces/dc1_nic"
            ],
            "os_profile": [
              {
                "admin_password": "",
                "admin_username": "luke",
                "computer_name": "DC1",
                "custom_data": ""
              }
            ],
            "os_profile_linux_config": [],
            "os_profile_secrets": [],
            "os_profile_windows_config": [
              {
                "additional_unattend_config": [],
                "enable_automatic_upgrades": true,
                "provision_vm_agent": true,
                "timezone": "",
                "winrm": []
              }
            ],
            "plan": [],
            "primary_network_interface_id": null,
            "resource_group_name": "LW-Terraform-ADLab",
            "storage_data_disk": [],
            "storage_image_reference": [
              {
                "id": "",
                "offer": "WindowsServer",
                "publisher": "MicrosoftWindowsServer",
                "sku": "2019-Datacenter",
                "version": "latest"
              }
            ],
            "storage_os_disk": [
              {
                "caching": "ReadWrite",
                "create_option": "FromImage",
                "disk_size_gb": 127,
                "image_uri": "",
                "managed_disk_id": "/subscriptions/0055f347-96ca-4c8c-b69b-6ffee1d95568/resourceGroups/LW-Terraform-ADLab/providers/Microsoft.Compute/disks/OsDisk",
                "managed_disk_type": "Premium_LRS",
                "name": "OsDisk",
                "os_type": "Windows",
                "vhd_uri": "",
                "write_accelerator_enabled": false
              }
            ],
            "tags": {},
            "vm_size": "Standard_B2s",
            "zones": null
          },
          "private": "bnVsbA==",
          "depends_on": [
            "azurerm_network_interface.dc1_nic"
          ]
        }
      ]
    },
    {
      "module": "module.domain-controller",
      "mode": "managed",
      "type": "azurerm_virtual_machine_extension",
      "name": "create-active-directory",
      "provider": "provider.azurerm",
      "instances": [
        {
          "schema_version": 0,
          "attributes": {
            "auto_upgrade_minor_version": false,
            "id": "/subscriptions/0055f347-96ca-4c8c-b69b-6ffee1d95568/resourceGroups/LW-Terraform-ADLab/providers/Microsoft.Compute/virtualMachines/DC1/extensions/create-active-directory-forest",
            "location": "uksouth",
            "name": "create-active-directory-forest",
            "protected_settings": null,
            "publisher": "Microsoft.Compute",
            "resource_group_name": "LW-Terraform-ADLab",
            "settings": "{\"commandToExecute\":\"powershell.exe -Command \\\"Import-Module ADDSDeployment; $password = ConvertTo-SecureString Terminal22 -AsPlainText -Force; Add-WindowsFeature -name ad-domain-services -IncludeManagementTools; Install-ADDSForest -CreateDnsDelegation:$false -DomainMode WinThreshold -DomainName lw.lab -DomainNetbiosName LWLAB -ForestMode WinThreshold -InstallDns:$true -SafeModeAdministratorPassword:$password -Force:$true; shutdown -r -t 10; exit 0\\\"\"}",
            "tags": {},
            "type": "CustomScriptExtension",
            "type_handler_version": "1.9",
            "virtual_machine_name": "DC1"
          },
          "private": "bnVsbA==",
          "depends_on": [
            "azurerm_virtual_machine.dc1"
          ]
        }
      ]
    },
    {
      "mode": "managed",
      "type": "azurerm_virtual_network",
      "name": "test",
      "provider": "provider.azurerm",
      "instances": [
        {
          "schema_version": 0,
          "attributes": {
            "address_space": [
              "10.0.0.0/16"
            ],
            "ddos_protection_plan": [],
            "dns_servers": null,
            "id": "/subscriptions/0055f347-96ca-4c8c-b69b-6ffee1d95568/resourceGroups/LW-Terraform-ADLab/providers/Microsoft.Network/virtualNetworks/lw-terraform-net",
            "location": "uksouth",
            "name": "lw-terraform-net",
            "resource_group_name": "LW-Terraform-ADLab",
            "subnet": [],
            "tags": {}
          },
          "private": "bnVsbA==",
          "depends_on": [
            "azurerm_resource_group.lw-terraform-test"
          ]
        }
      ]
    }
  ]
}
