{
  "version": 4,
  "terraform_version": "0.12.3",
  "serial": 8,
  "lineage": "02861bf8-b535-72ca-2a4d-80ab5c83af9a",
  "outputs": {},
  "resources": [
    {
      "mode": "managed",
      "type": "azurerm_network_interface",
      "name": "nic",
      "provider": "provider.azurerm",
      "instances": [
        {
          "schema_version": 0,
          "attributes": {
            "applied_dns_servers": [],
            "dns_servers": [],
            "enable_accelerated_networking": false,
            "enable_ip_forwarding": false,
            "id": "/subscriptions/0055f347-96ca-4c8c-b69b-6ffee1d95568/resourceGroups/LW-Terraform_Test/providers/Microsoft.Network/networkInterfaces/NIC1",
            "internal_dns_name_label": "",
            "internal_fqdn": "",
            "ip_configuration": [
              {
                "application_gateway_backend_address_pools_ids": [],
                "application_security_group_ids": [],
                "load_balancer_backend_address_pools_ids": [],
                "load_balancer_inbound_nat_rules_ids": [],
                "name": "myNICConfg",
                "primary": true,
                "private_ip_address": "",
                "private_ip_address_allocation": "dynamic",
                "private_ip_address_version": "IPv4",
                "public_ip_address_id": "/subscriptions/0055f347-96ca-4c8c-b69b-6ffee1d95568/resourceGroups/LW-Terraform_Test/providers/Microsoft.Network/publicIPAddresses/PIP",
                "subnet_id": "/subscriptions/0055f347-96ca-4c8c-b69b-6ffee1d95568/resourceGroups/LW-Terraform_Test/providers/Microsoft.Network/virtualNetworks/lw-terraform-net/subnets/lw-subnet"
              }
            ],
            "location": "uksouth",
            "mac_address": "",
            "name": "NIC1",
            "network_security_group_id": "/subscriptions/0055f347-96ca-4c8c-b69b-6ffee1d95568/resourceGroups/LW-Terraform_Test/providers/Microsoft.Network/networkSecurityGroups/Test-NSG",
            "private_ip_address": "10.0.1.4",
            "private_ip_addresses": [
              "10.0.1.4"
            ],
            "resource_group_name": "LW-Terraform_Test",
            "tags": {},
            "virtual_machine_id": null
          },
          "private": "bnVsbA==",
          "depends_on": [
            "azurerm_network_security_group.nsg",
            "azurerm_public_ip.publicip",
            "azurerm_resource_group.lw-terraform-test",
            "azurerm_subnet.subnet"
          ]
        }
      ]
    },
    {
      "mode": "managed",
      "type": "azurerm_network_security_group",
      "name": "nsg",
      "provider": "provider.azurerm",
      "instances": [
        {
          "schema_version": 0,
          "attributes": {
            "id": "/subscriptions/0055f347-96ca-4c8c-b69b-6ffee1d95568/resourceGroups/LW-Terraform_Test/providers/Microsoft.Network/networkSecurityGroups/Test-NSG",
            "location": "uksouth",
            "name": "Test-NSG",
            "resource_group_name": "LW-Terraform_Test",
            "security_rule": [
              {
                "access": "Allow",
                "description": "",
                "destination_address_prefix": "*",
                "destination_address_prefixes": [],
                "destination_application_security_group_ids": [],
                "destination_port_range": "3389",
                "destination_port_ranges": [],
                "direction": "Inbound",
                "name": "RDP",
                "priority": 1001,
                "protocol": "Tcp",
                "source_address_prefix": "*",
                "source_address_prefixes": [],
                "source_application_security_group_ids": [],
                "source_port_range": "*",
                "source_port_ranges": []
              }
            ],
            "tags": {}
          },
          "private": "bnVsbA==",
          "depends_on": [
            "azurerm_resource_group.lw-terraform-test"
          ]
        }
      ]
    },
    {
      "mode": "managed",
      "type": "azurerm_public_ip",
      "name": "publicip",
      "provider": "provider.azurerm",
      "instances": [
        {
          "schema_version": 0,
          "attributes": {
            "allocation_method": "Dynamic",
            "domain_name_label": null,
            "fqdn": null,
            "id": "/subscriptions/0055f347-96ca-4c8c-b69b-6ffee1d95568/resourceGroups/LW-Terraform_Test/providers/Microsoft.Network/publicIPAddresses/PIP",
            "idle_timeout_in_minutes": 4,
            "ip_address": "",
            "ip_version": "IPv4",
            "location": "uksouth",
            "name": "PIP",
            "public_ip_address_allocation": "Dynamic",
            "public_ip_prefix_id": null,
            "resource_group_name": "LW-Terraform_Test",
            "reverse_fqdn": null,
            "sku": "Basic",
            "tags": {},
            "zones": null
          },
          "private": "bnVsbA==",
          "depends_on": [
            "azurerm_resource_group.lw-terraform-test"
          ]
        }
      ]
    },
    {
      "mode": "managed",
      "type": "azurerm_resource_group",
      "name": "lw-terraform-test",
      "provider": "provider.azurerm",
      "instances": [
        {
          "schema_version": 0,
          "attributes": {
            "id": "/subscriptions/0055f347-96ca-4c8c-b69b-6ffee1d95568/resourceGroups/LW-Terraform_Test",
            "location": "uksouth",
            "name": "LW-Terraform_Test",
            "tags": {}
          },
          "private": "bnVsbA=="
        }
      ]
    },
    {
      "mode": "managed",
      "type": "azurerm_subnet",
      "name": "subnet",
      "provider": "provider.azurerm",
      "instances": [
        {
          "schema_version": 0,
          "attributes": {
            "address_prefix": "10.0.1.0/24",
            "delegation": [],
            "id": "/subscriptions/0055f347-96ca-4c8c-b69b-6ffee1d95568/resourceGroups/LW-Terraform_Test/providers/Microsoft.Network/virtualNetworks/lw-terraform-net/subnets/lw-subnet",
            "ip_configurations": [],
            "name": "lw-subnet",
            "network_security_group_id": "",
            "resource_group_name": "LW-Terraform_Test",
            "route_table_id": "",
            "service_endpoints": null,
            "virtual_network_name": "lw-terraform-net"
          },
          "private": "bnVsbA==",
          "depends_on": [
            "azurerm_resource_group.lw-terraform-test",
            "azurerm_virtual_network.test"
          ]
        }
      ]
    },
    {
      "mode": "managed",
      "type": "azurerm_virtual_machine",
      "name": "vm",
      "provider": "provider.azurerm",
      "instances": [
        {
          "schema_version": 0,
          "attributes": {
            "availability_set_id": null,
            "boot_diagnostics": [],
            "delete_data_disks_on_termination": false,
            "delete_os_disk_on_termination": false,
            "id": "/subscriptions/0055f347-96ca-4c8c-b69b-6ffee1d95568/resourceGroups/LW-Terraform_Test/providers/Microsoft.Compute/virtualMachines/VM1",
            "identity": [],
            "license_type": null,
            "location": "uksouth",
            "name": "VM1",
            "network_interface_ids": [
              "/subscriptions/0055f347-96ca-4c8c-b69b-6ffee1d95568/resourceGroups/LW-Terraform_Test/providers/Microsoft.Network/networkInterfaces/NIC1"
            ],
            "os_profile": [
              {
                "admin_password": "",
                "admin_username": "luke",
                "computer_name": "VM1",
                "custom_data": ""
              }
            ],
            "os_profile_linux_config": [],
            "os_profile_secrets": [],
            "os_profile_windows_config": [
              {
                "additional_unattend_config": [],
                "enable_automatic_upgrades": false,
                "provision_vm_agent": false,
                "timezone": "",
                "winrm": []
              }
            ],
            "plan": [],
            "primary_network_interface_id": null,
            "resource_group_name": "LW-Terraform_Test",
            "storage_data_disk": [],
            "storage_image_reference": [
              {
                "id": "",
                "offer": "WindowsServer",
                "publisher": "MicrosoftWindowsServer",
                "sku": "2019-Datacenter",
                "version": "latest"
              }
            ],
            "storage_os_disk": [
              {
                "caching": "ReadWrite",
                "create_option": "FromImage",
                "disk_size_gb": 127,
                "image_uri": "",
                "managed_disk_id": "/subscriptions/0055f347-96ca-4c8c-b69b-6ffee1d95568/resourceGroups/LW-Terraform_Test/providers/Microsoft.Compute/disks/OsDisk",
                "managed_disk_type": "Premium_LRS",
                "name": "OsDisk",
                "os_type": "Windows",
                "vhd_uri": "",
                "write_accelerator_enabled": false
              }
            ],
            "tags": {},
            "vm_size": "Standard_B2s",
            "zones": null
          },
          "private": "bnVsbA==",
          "depends_on": [
            "azurerm_network_interface.nic",
            "azurerm_resource_group.lw-terraform-test"
          ]
        }
      ]
    },
    {
      "mode": "managed",
      "type": "azurerm_virtual_network",
      "name": "test",
      "provider": "provider.azurerm",
      "instances": [
        {
          "schema_version": 0,
          "attributes": {
            "address_space": [
              "10.0.0.0/16"
            ],
            "ddos_protection_plan": [],
            "dns_servers": null,
            "id": "/subscriptions/0055f347-96ca-4c8c-b69b-6ffee1d95568/resourceGroups/LW-Terraform_Test/providers/Microsoft.Network/virtualNetworks/lw-terraform-net",
            "location": "uksouth",
            "name": "lw-terraform-net",
            "resource_group_name": "LW-Terraform_Test",
            "subnet": [],
            "tags": {}
          },
          "private": "bnVsbA==",
          "depends_on": [
            "azurerm_resource_group.lw-terraform-test"
          ]
        }
      ]
    }
  ]
}
